// !$*UTF8*$!
{
	archiveVersion = 1;
	classes = {
	};
	objectVersion = 46;
	objects = {

/* Begin PBXBuildFile section */
		605DEF611CAE6B98005E03B9 /* main.m in Sources */ = {isa = PBXBuildFile; fileRef = 605DEF601CAE6B98005E03B9 /* main.m */; };
		605DEF641CAE6B98005E03B9 /* AppDelegate.m in Sources */ = {isa = PBXBuildFile; fileRef = 605DEF631CAE6B98005E03B9 /* AppDelegate.m */; };
		605DEF671CAE6B99005E03B9 /* ViewController.m in Sources */ = {isa = PBXBuildFile; fileRef = 605DEF661CAE6B99005E03B9 /* ViewController.m */; };
		605DEF6A1CAE6B99005E03B9 /* Main.storyboard in Resources */ = {isa = PBXBuildFile; fileRef = 605DEF681CAE6B99005E03B9 /* Main.storyboard */; };
		605DEF6D1CAE6B99005E03B9 /* _____.xcdatamodeld in Sources */ = {isa = PBXBuildFile; fileRef = 605DEF6B1CAE6B99005E03B9 /* _____.xcdatamodeld */; };
		605DEF6F1CAE6B9A005E03B9 /* Assets.xcassets in Resources */ = {isa = PBXBuildFile; fileRef = 605DEF6E1CAE6B9A005E03B9 /* Assets.xcassets */; };
		605DEF721CAE6B9A005E03B9 /* LaunchScreen.storyboard in Resources */ = {isa = PBXBuildFile; fileRef = 605DEF701CAE6B9A005E03B9 /* LaunchScreen.storyboard */; };
		605DEF7D1CAE6B9A005E03B9 /* _____Tests.m in Sources */ = {isa = PBXBuildFile; fileRef = 605DEF7C1CAE6B9A005E03B9 /* _____Tests.m */; };
		605DEF881CAE6B9A005E03B9 /* _____UITests.m in Sources */ = {isa = PBXBuildFile; fileRef = 605DEF871CAE6B9A005E03B9 /* _____UITests.m */; };
		605DEF971CAE6E5B005E03B9 /* WSLineLayout.m in Sources */ = {isa = PBXBuildFile; fileRef = 605DEF961CAE6E5B005E03B9 /* WSLineLayout.m */; };
		605DEF9B1CAE731A005E03B9 /* WSCollectionViewCell.m in Sources */ = {isa = PBXBuildFile; fileRef = 605DEF991CAE731A005E03B9 /* WSCollectionViewCell.m */; };
		605DEF9C1CAE731A005E03B9 /* WSCollectionViewCell.xib in Resources */ = {isa = PBXBuildFile; fileRef = 605DEF9A1CAE731A005E03B9 /* WSCollectionViewCell.xib */; };
/* End PBXBuildFile section */

/* Begin PBXContainerItemProxy section */
		605DEF791CAE6B9A005E03B9 /* PBXContainerItemProxy */ = {
			isa = PBXContainerItemProxy;
			containerPortal = 605DEF541CAE6B98005E03B9 /* Project object */;
			proxyType = 1;
			remoteGlobalIDString = 605DEF5B1CAE6B98005E03B9;
			remoteInfo = "自定义布局";
		};
		605DEF841CAE6B9A005E03B9 /* PBXContainerItemProxy */ = {
			isa = PBXContainerItemProxy;
			containerPortal = 605DEF541CAE6B98005E03B9 /* Project object */;
			proxyType = 1;
			remoteGlobalIDString = 605DEF5B1CAE6B98005E03B9;
			remoteInfo = "自定义布局";
		};
/* End PBXContainerItemProxy section */

/* Begin PBXFileReference section */
		605DEF5C1CAE6B98005E03B9 /* 自定义布局.app */ = {isa = PBXFileReference; explicitFileType = wrapper.application; includeInIndex = 0; path = "自定义布局.app"; sourceTree = BUILT_PRODUCTS_DIR; };
		605DEF601CAE6B98005E03B9 /* main.m */ = {isa = PBXFileReference; lastKnownFileType = sourcecode.c.objc; path = main.m; sourceTree = "<group>"; };
		605DEF621CAE6B98005E03B9 /* AppDelegate.h */ = {isa = PBXFileReference; lastKnownFileType = sourcecode.c.h; path = AppDelegate.h; sourceTree = "<group>"; };
		605DEF631CAE6B98005E03B9 /* AppDelegate.m */ = {isa = PBXFileReference; lastKnownFileType = sourcecode.c.objc; path = AppDelegate.m; sourceTree = "<group>"; };
		605DEF651CAE6B99005E03B9 /* ViewController.h */ = {isa = PBXFileReference; lastKnownFileType = sourcecode.c.h; path = ViewController.h; sourceTree = "<group>"; };
		605DEF661CAE6B99005E03B9 /* ViewController.m */ = {isa = PBXFileReference; lastKnownFileType = sourcecode.c.objc; path = ViewController.m; sourceTree = "<group>"; };
		605DEF691CAE6B99005E03B9 /* Base */ = {isa = PBXFileReference; lastKnownFileType = file.storyboard; name = Base; path = Base.lproj/Main.storyboard; sourceTree = "<group>"; };
		605DEF6C1CAE6B99005E03B9 /* _____.xcdatamodel */ = {isa = PBXFileReference; lastKnownFileType = wrapper.xcdatamodel; path = "_____.xcdatamodel"; sourceTree = "<group>"; };
		605DEF6E1CAE6B9A005E03B9 /* Assets.xcassets */ = {isa = PBXFileReference; lastKnownFileType = folder.assetcatalog; path = Assets.xcassets; sourceTree = "<group>"; };
		605DEF711CAE6B9A005E03B9 /* Base */ = {isa = PBXFileReference; lastKnownFileType = file.storyboard; name = Base; path = Base.lproj/LaunchScreen.storyboard; sourceTree = "<group>"; };
		605DEF731CAE6B9A005E03B9 /* Info.plist */ = {isa = PBXFileReference; lastKnownFileType = text.plist.xml; path = Info.plist; sourceTree = "<group>"; };
		605DEF781CAE6B9A005E03B9 /* 自定义布局Tests.xctest */ = {isa = PBXFileReference; explicitFileType = wrapper.cfbundle; includeInIndex = 0; path = "自定义布局Tests.xctest"; sourceTree = BUILT_PRODUCTS_DIR; };
		605DEF7C1CAE6B9A005E03B9 /* _____Tests.m */ = {isa = PBXFileReference; lastKnownFileType = sourcecode.c.objc; path = "_____Tests.m"; sourceTree = "<group>"; };
		605DEF7E1CAE6B9A005E03B9 /* Info.plist */ = {isa = PBXFileReference; lastKnownFileType = text.plist.xml; path = Info.plist; sourceTree = "<group>"; };
		605DEF831CAE6B9A005E03B9 /* 自定义布局UITests.xctest */ = {isa = PBXFileReference; explicitFileType = wrapper.cfbundle; includeInIndex = 0; path = "自定义布局UITests.xctest"; sourceTree = BUILT_PRODUCTS_DIR; };
		605DEF871CAE6B9A005E03B9 /* _____UITests.m */ = {isa = PBXFileReference; lastKnownFileType = sourcecode.c.objc; path = "_____UITests.m"; sourceTree = "<group>"; };
		605DEF891CAE6B9A005E03B9 /* Info.plist */ = {isa = PBXFileReference; lastKnownFileType = text.plist.xml; path = Info.plist; sourceTree = "<group>"; };
		605DEF951CAE6E5B005E03B9 /* WSLineLayout.h */ = {isa = PBXFileReference; fileEncoding = 4; lastKnownFileType = sourcecode.c.h; path = WSLineLayout.h; sourceTree = "<group>"; };
		605DEF961CAE6E5B005E03B9 /* WSLineLayout.m */ = {isa = PBXFileReference; fileEncoding = 4; lastKnownFileType = sourcecode.c.objc; path = WSLineLayout.m; sourceTree = "<group>"; };
		605DEF981CAE731A005E03B9 /* WSCollectionViewCell.h */ = {isa = PBXFileReference; fileEncoding = 4; lastKnownFileType = sourcecode.c.h; path = WSCollectionViewCell.h; sourceTree = "<group>"; };
		605DEF991CAE731A005E03B9 /* WSCollectionViewCell.m */ = {isa = PBXFileReference; fileEncoding = 4; lastKnownFileType = sourcecode.c.objc; path = WSCollectionViewCell.m; sourceTree = "<group>"; };
		605DEF9A1CAE731A005E03B9 /* WSCollectionViewCell.xib */ = {isa = PBXFileReference; fileEncoding = 4; lastKnownFileType = file.xib; path = WSCollectionViewCell.xib; sourceTree = "<group>"; };
/* End PBXFileReference section */

/* Begin PBXFrameworksBuildPhase section */
		605DEF591CAE6B98005E03B9 /* Frameworks */ = {
			isa = PBXFrameworksBuildPhase;
			buildActionMask = 2147483647;
			files = (
			);
			runOnlyForDeploymentPostprocessing = 0;
		};
		605DEF751CAE6B9A005E03B9 /* Frameworks */ = {
			isa = PBXFrameworksBuildPhase;
			buildActionMask = 2147483647;
			files = (
			);
			runOnlyForDeploymentPostprocessing = 0;
		};
		605DEF801CAE6B9A005E03B9 /* Frameworks */ = {
			isa = PBXFrameworksBuildPhase;
			buildActionMask = 2147483647;
			files = (
			);
			runOnlyForDeploymentPostprocessing = 0;
		};
/* End PBXFrameworksBuildPhase section */

/* Begin PBXGroup section */
		605DEF531CAE6B98005E03B9 = {
			isa = PBXGroup;
			children = (
				605DEF5E1CAE6B98005E03B9 /* 自定义布局 */,
				605DEF7B1CAE6B9A005E03B9 /* 自定义布局Tests */,
				605DEF861CAE6B9A005E03B9 /* 自定义布局UITests */,
				605DEF5D1CAE6B98005E03B9 /* Products */,
			);
			sourceTree = "<group>";
		};
		605DEF5D1CAE6B98005E03B9 /* Products */ = {
			isa = PBXGroup;
			children = (
				605DEF5C1CAE6B98005E03B9 /* 自定义布局.app */,
				605DEF781CAE6B9A005E03B9 /* 自定义布局Tests.xctest */,
				605DEF831CAE6B9A005E03B9 /* 自定义布局UITests.xctest */,
			);
			name = Products;
			sourceTree = "<group>";
		};
		605DEF5E1CAE6B98005E03B9 /* 自定义布局 */ = {
			isa = PBXGroup;
			children = (
				605DEF621CAE6B98005E03B9 /* AppDelegate.h */,
				605DEF631CAE6B98005E03B9 /* AppDelegate.m */,
				605DEF651CAE6B99005E03B9 /* ViewController.h */,
				605DEF661CAE6B99005E03B9 /* ViewController.m */,
				605DEF951CAE6E5B005E03B9 /* WSLineLayout.h */,
				605DEF961CAE6E5B005E03B9 /* WSLineLayout.m */,
				605DEF981CAE731A005E03B9 /* WSCollectionViewCell.h */,
				605DEF991CAE731A005E03B9 /* WSCollectionViewCell.m */,
				605DEF9A1CAE731A005E03B9 /* WSCollectionViewCell.xib */,
				605DEF681CAE6B99005E03B9 /* Main.storyboard */,
				605DEF6E1CAE6B9A005E03B9 /* Assets.xcassets */,
				605DEF701CAE6B9A005E03B9 /* LaunchScreen.storyboard */,
				605DEF731CAE6B9A005E03B9 /* Info.plist */,
				605DEF6B1CAE6B99005E03B9 /* _____.xcdatamodeld */,
				605DEF5F1CAE6B98005E03B9 /* Supporting Files */,
			);
			path = "自定义布局";
			sourceTree = "<group>";
		};
		605DEF5F1CAE6B98005E03B9 /* Supporting Files */ = {
			isa = PBXGroup;
			children = (
				605DEF601CAE6B98005E03B9 /* main.m */,
			);
			name = "Supporting Files";
			sourceTree = "<group>";
		};
		605DEF7B1CAE6B9A005E03B9 /* 自定义布局Tests */ = {
			isa = PBXGroup;
			children = (
				605DEF7C1CAE6B9A005E03B9 /* _____Tests.m */,
				605DEF7E1CAE6B9A005E03B9 /* Info.plist */,
			);
			path = "自定义布局Tests";
			sourceTree = "<group>";
		};
		605DEF861CAE6B9A005E03B9 /* 自定义布局UITests */ = {
			isa = PBXGroup;
			children = (
				605DEF871CAE6B9A005E03B9 /* _____UITests.m */,
				605DEF891CAE6B9A005E03B9 /* Info.plist */,
			);
			path = "自定义布局UITests";
			sourceTree = "<group>";
		};
/* End PBXGroup section */

/* Begin PBXNativeTarget section */
		605DEF5B1CAE6B98005E03B9 /* 自定义布局 */ = {
			isa = PBXNativeTarget;
			buildConfigurationList = 605DEF8C1CAE6B9A005E03B9 /* Build configuration list for PBXNativeTarget "自定义布局" */;
			buildPhases = (
				605DEF581CAE6B98005E03B9 /* Sources */,
				605DEF591CAE6B98005E03B9 /* Frameworks */,
				605DEF5A1CAE6B98005E03B9 /* Resources */,
			);
			buildRules = (
			);
			dependencies = (
			);
			name = "自定义布局";
			productName = "自定义布局";
			productReference = 605DEF5C1CAE6B98005E03B9 /* 自定义布局.app */;
			productType = "com.apple.product-type.application";
		};
		605DEF771CAE6B9A005E03B9 /* 自定义布局Tests */ = {
			isa = PBXNativeTarget;
			buildConfigurationList = 605DEF8F1CAE6B9A005E03B9 /* Build configuration list for PBXNativeTarget "自定义布局Tests" */;
			buildPhases = (
				605DEF741CAE6B9A005E03B9 /* Sources */,
				605DEF751CAE6B9A005E03B9 /* Frameworks */,
				605DEF761CAE6B9A005E03B9 /* Resources */,
			);
			buildRules = (
			);
			dependencies = (
				605DEF7A1CAE6B9A005E03B9 /* PBXTargetDependency */,
			);
			name = "自定义布局Tests";
			productName = "自定义布局Tests";
			productReference = 605DEF781CAE6B9A005E03B9 /* 自定义布局Tests.xctest */;
			productType = "com.apple.product-type.bundle.unit-test";
		};
		605DEF821CAE6B9A005E03B9 /* 自定义布局UITests */ = {
			isa = PBXNativeTarget;
			buildConfigurationList = 605DEF921CAE6B9A005E03B9 /* Build configuration list for PBXNativeTarget "自定义布局UITests" */;
			buildPhases = (
				605DEF7F1CAE6B9A005E03B9 /* Sources */,
				605DEF801CAE6B9A005E03B9 /* Frameworks */,
				605DEF811CAE6B9A005E03B9 /* Resources */,
			);
			buildRules = (
			);
			dependencies = (
				605DEF851CAE6B9A005E03B9 /* PBXTargetDependency */,
			);
			name = "自定义布局UITests";
			productName = "自定义布局UITests";
			productReference = 605DEF831CAE6B9A005E03B9 /* 自定义布局UITests.xctest */;
			productType = "com.apple.product-type.bundle.ui-testing";
		};
/* End PBXNativeTarget section */

/* Begin PBXProject section */
		605DEF541CAE6B98005E03B9 /* Project object */ = {
			isa = PBXProject;
			attributes = {
				LastUpgradeCheck = 0720;
				ORGANIZATIONNAME = Mr.wang;
				TargetAttributes = {
					605DEF5B1CAE6B98005E03B9 = {
						CreatedOnToolsVersion = 7.2.1;
					};
					605DEF771CAE6B9A005E03B9 = {
						CreatedOnToolsVersion = 7.2.1;
						TestTargetID = 605DEF5B1CAE6B98005E03B9;
					};
					605DEF821CAE6B9A005E03B9 = {
						CreatedOnToolsVersion = 7.2.1;
						TestTargetID = 605DEF5B1CAE6B98005E03B9;
					};
				};
			};
			buildConfigurationList = 605DEF571CAE6B98005E03B9 /* Build configuration list for PBXProject "自定义布局" */;
			compatibilityVersion = "Xcode 3.2";
			developmentRegion = English;
			hasScannedForEncodings = 0;
			knownRegions = (
				en,
				Base,
			);
			mainGroup = 605DEF531CAE6B98005E03B9;
			productRefGroup = 605DEF5D1CAE6B98005E03B9 /* Products */;
			projectDirPath = "";
			projectRoot = "";
			targets = (
				605DEF5B1CAE6B98005E03B9 /* 自定义布局 */,
				605DEF771CAE6B9A005E03B9 /* 自定义布局Tests */,
				605DEF821CAE6B9A005E03B9 /* 自定义布局UITests */,
			);
		};
/* End PBXProject section */

/* Begin PBXResourcesBuildPhase section */
		605DEF5A1CAE6B98005E03B9 /* Resources */ = {
			isa = PBXResourcesBuildPhase;
			buildActionMask = 2147483647;
			files = (
				605DEF721CAE6B9A005E03B9 /* LaunchScreen.storyboard in Resources */,
				605DEF6F1CAE6B9A005E03B9 /* Assets.xcassets in Resources */,
				605DEF9C1CAE731A005E03B9 /* WSCollectionViewCell.xib in Resources */,
				605DEF6A1CAE6B99005E03B9 /* Main.storyboard in Resources */,
			);
			runOnlyForDeploymentPostprocessing = 0;
		};
		605DEF761CAE6B9A005E03B9 /* Resources */ = {
			isa = PBXResourcesBuildPhase;
			buildActionMask = 2147483647;
			files = (
			);
			runOnlyForDeploymentPostprocessing = 0;
		};
		605DEF811CAE6B9A005E03B9 /* Resources */ = {
			isa = PBXResourcesBuildPhase;
			buildActionMask = 2147483647;
			files = (
			);
			runOnlyForDeploymentPostprocessing = 0;
		};
/* End PBXResourcesBuildPhase section */

/* Begin PBXSourcesBuildPhase section */
		605DEF581CAE6B98005E03B9 /* Sources */ = {
			isa = PBXSourcesBuildPhase;
			buildActionMask = 2147483647;
			files = (
				605DEF671CAE6B99005E03B9 /* ViewController.m in Sources */,
				605DEF6D1CAE6B99005E03B9 /* _____.xcdatamodeld in Sources */,
				605DEF641CAE6B98005E03B9 /* AppDelegate.m in Sources */,
				605DEF971CAE6E5B005E03B9 /* WSLineLayout.m in Sources */,
				605DEF9B1CAE731A005E03B9 /* WSCollectionViewCell.m in Sources */,
				605DEF611CAE6B98005E03B9 /* main.m in Sources */,
			);
			runOnlyForDeploymentPostprocessing = 0;
		};
		605DEF741CAE6B9A005E03B9 /* Sources */ = {
			isa = PBXSourcesBuildPhase;
			buildActionMask = 2147483647;
			files = (
				605DEF7D1CAE6B9A005E03B9 /* _____Tests.m in Sources */,
			);
			runOnlyForDeploymentPostprocessing = 0;
		};
		605DEF7F1CAE6B9A005E03B9 /* Sources */ = {
			isa = PBXSourcesBuildPhase;
			buildActionMask = 2147483647;
			files = (
				605DEF881CAE6B9A005E03B9 /* _____UITests.m in Sources */,
			);
			runOnlyForDeploymentPostprocessing = 0;
		};
/* End PBXSourcesBuildPhase section */

/* Begin PBXTargetDependency section */
		605DEF7A1CAE6B9A005E03B9 /* PBXTargetDependency */ = {
			isa = PBXTargetDependency;
			target = 605DEF5B1CAE6B98005E03B9 /* 自定义布局 */;
			targetProxy = 605DEF791CAE6B9A005E03B9 /* PBXContainerItemProxy */;
		};
		605DEF851CAE6B9A005E03B9 /* PBXTargetDependency */ = {
			isa = PBXTargetDependency;
			target = 605DEF5B1CAE6B98005E03B9 /* 自定义布局 */;
			targetProxy = 605DEF841CAE6B9A005E03B9 /* PBXContainerItemProxy */;
		};
/* End PBXTargetDependency section */

/* Begin PBXVariantGroup section */
		605DEF681CAE6B99005E03B9 /* Main.storyboard */ = {
			isa = PBXVariantGroup;
			children = (
				605DEF691CAE6B99005E03B9 /* Base */,
			);
			name = Main.storyboard;
			sourceTree = "<group>";
		};
		605DEF701CAE6B9A005E03B9 /* LaunchScreen.storyboard */ = {
			isa = PBXVariantGroup;
			children = (
				605DEF711CAE6B9A005E03B9 /* Base */,
			);
			name = LaunchScreen.storyboard;
			sourceTree = "<group>";
		};
/* End PBXVariantGroup section */

/* Begin XCBuildConfiguration section */
		605DEF8A1CAE6B9A005E03B9 /* Debug */ = {
			isa = XCBuildConfiguration;
			buildSettings = {
				ALWAYS_SEARCH_USER_PATHS = NO;
				CLANG_CXX_LANGUAGE_STANDARD = "gnu++0x";
				CLANG_CXX_LIBRARY = "libc++";
				CLANG_ENABLE_MODULES = YES;
				CLANG_ENABLE_OBJC_ARC = YES;
				CLANG_WARN_BOOL_CONVERSION = YES;
				CLANG_WARN_CONSTANT_CONVERSION = YES;
				CLANG_WARN_DIRECT_OBJC_ISA_USAGE = YES_ERROR;
				CLANG_WARN_EMPTY_BODY = YES;
				CLANG_WARN_ENUM_CONVERSION = YES;
				CLANG_WARN_INT_CONVERSION = YES;
				CLANG_WARN_OBJC_ROOT_CLASS = YES_ERROR;
				CLANG_WARN_UNREACHABLE_CODE = YES;
				CLANG_WARN__DUPLICATE_METHOD_MATCH = YES;
				"CODE_SIGN_IDENTITY[sdk=iphoneos*]" = "iPhone Developer";
				COPY_PHASE_STRIP = NO;
				DEBUG_INFORMATION_FORMAT = dwarf;
				ENABLE_STRICT_OBJC_MSGSEND = YES;
				ENABLE_TESTABILITY = YES;
				GCC_C_LANGUAGE_STANDARD = gnu99;
				GCC_DYNAMIC_NO_PIC = NO;
				GCC_NO_COMMON_BLOCKS = YES;
				GCC_OPTIMIZATION_LEVEL = 0;
				GCC_PREPROCESSOR_DEFINITIONS = (
					"DEBUG=1",
					"$(inherited)",
				);
				GCC_WARN_64_TO_32_BIT_CONVERSION = YES;
				GCC_WARN_ABOUT_RETURN_TYPE = YES_ERROR;
				GCC_WARN_UNDECLARED_SELECTOR = YES;
				GCC_WARN_UNINITIALIZED_AUTOS = YES_AGGRESSIVE;
				GCC_WARN_UNUSED_FUNCTION = YES;
				GCC_WARN_UNUSED_VARIABLE = YES;
				IPHONEOS_DEPLOYMENT_TARGET = 9.2;
				MTL_ENABLE_DEBUG_INFO = YES;
				ONLY_ACTIVE_ARCH = YES;
				SDKROOT = iphoneos;
				TARGETED_DEVICE_FAMILY = "1,2";
			};
			name = Debug;
		};
		605DEF8B1CAE6B9A005E03B9 /* Release */ = {
			isa = XCBuildConfiguration;
			buildSettings = {
				ALWAYS_SEARCH_USER_PATHS = NO;
				CLANG_CXX_LANGUAGE_STANDARD = "gnu++0x";
				CLANG_CXX_LIBRARY = "libc++";
				CLANG_ENABLE_MODULES = YES;
				CLANG_ENABLE_OBJC_ARC = YES;
				CLANG_WARN_BOOL_CONVERSION = YES;
				CLANG_WARN_CONSTANT_CONVERSION = YES;
				CLANG_WARN_DIRECT_OBJC_ISA_USAGE = YES_ERROR;
				CLANG_WARN_EMPTY_BODY = YES;
				CLANG_WARN_ENUM_CONVERSION = YES;
				CLANG_WARN_INT_CONVERSION = YES;
				CLANG_WARN_OBJC_ROOT_CLASS = YES_ERROR;
				CLANG_WARN_UNREACHABLE_CODE = YES;
				CLANG_WARN__DUPLICATE_METHOD_MATCH = YES;
				"CODE_SIGN_IDENTITY[sdk=iphoneos*]" = "iPhone Developer";
				COPY_PHASE_STRIP = NO;
				DEBUG_INFORMATION_FORMAT = "dwarf-with-dsym";
				ENABLE_NS_ASSERTIONS = NO;
				ENABLE_STRICT_OBJC_MSGSEND = YES;
				GCC_C_LANGUAGE_STANDARD = gnu99;
				GCC_NO_COMMON_BLOCKS = YES;
				GCC_WARN_64_TO_32_BIT_CONVERSION = YES;
				GCC_WARN_ABOUT_RETURN_TYPE = YES_ERROR;
				GCC_WARN_UNDECLARED_SELECTOR = YES;
				GCC_WARN_UNINITIALIZED_AUTOS = YES_AGGRESSIVE;
				GCC_WARN_UNUSED_FUNCTION = YES;
				GCC_WARN_UNUSED_VARIABLE = YES;
				IPHONEOS_DEPLOYMENT_TARGET = 9.2;
				MTL_ENABLE_DEBUG_INFO = NO;
				SDKROOT = iphoneos;
				TARGETED_DEVICE_FAMILY = "1,2";
				VALIDATE_PRODUCT = YES;
			};
			name = Release;
		};
		605DEF8D1CAE6B9A005E03B9 /* Debug */ = {
			isa = XCBuildConfiguration;
			buildSettings = {
				ASSETCATALOG_COMPILER_APPICON_NAME = AppIcon;
				INFOPLIST_FILE = "自定义布局/Info.plist";
				LD_RUNPATH_SEARCH_PATHS = "$(inherited) @executable_path/Frameworks";
				PRODUCT_BUNDLE_IDENTIFIER = "Mr.wang.-----";
				PRODUCT_NAME = "$(TARGET_NAME)";
			};
			name = Debug;
		};
		605DEF8E1CAE6B9A005E03B9 /* Release */ = {
			isa = XCBuildConfiguration;
			buildSettings = {
				ASSETCATALOG_COMPILER_APPICON_NAME = AppIcon;
				INFOPLIST_FILE = "自定义布局/Info.plist";
				LD_RUNPATH_SEARCH_PATHS = "$(inherited) @executable_path/Frameworks";
				PRODUCT_BUNDLE_IDENTIFIER = "Mr.wang.-----";
				PRODUCT_NAME = "$(TARGET_NAME)";
			};
			name = Release;
		};
		605DEF901CAE6B9A005E03B9 /* Debug */ = {
			isa = XCBuildConfiguration;
			buildSettings = {
				BUNDLE_LOADER = "$(TEST_HOST)";
				INFOPLIST_FILE = "自定义布局Tests/Info.plist";
				LD_RUNPATH_SEARCH_PATHS = "$(inherited) @executable_path/Frameworks @loader_path/Frameworks";
				PRODUCT_BUNDLE_IDENTIFIER = "Mr.wang.-----Tests";
				PRODUCT_NAME = "$(TARGET_NAME)";
				TEST_HOST = "$(BUILT_PRODUCTS_DIR)/自定义布局.app/自定义布局";
			};
			name = Debug;
		};
		605DEF911CAE6B9A005E03B9 /* Release */ = {
			isa = XCBuildConfiguration;
			buildSettings = {
				BUNDLE_LOADER = "$(TEST_HOST)";
				INFOPLIST_FILE = "自定义布局Tests/Info.plist";
				LD_RUNPATH_SEARCH_PATHS = "$(inherited) @executable_path/Frameworks @loader_path/Frameworks";
				PRODUCT_BUNDLE_IDENTIFIER = "Mr.wang.-----Tests";
				PRODUCT_NAME = "$(TARGET_NAME)";
				TEST_HOST = "$(BUILT_PRODUCTS_DIR)/自定义布局.app/自定义布局";
			};
			name = Release;
		};
		605DEF931CAE6B9A005E03B9 /* Debug */ = {
			isa = XCBuildConfiguration;
			buildSettings = {
				INFOPLIST_FILE = "自定义布局UITests/Info.plist";
				LD_RUNPATH_SEARCH_PATHS = "$(inherited) @executable_path/Frameworks @loader_path/Frameworks";
				PRODUCT_BUNDLE_IDENTIFIER = "Mr.wang.-----UITests";
				PRODUCT_NAME = "$(TARGET_NAME)";
				TEST_TARGET_NAME = "自定义布局";
				USES_XCTRUNNER = YES;
			};
			name = Debug;
		};
		605DEF941CAE6B9A005E03B9 /* Release */ = {
			isa = XCBuildConfiguration;
			buildSettings = {
				INFOPLIST_FILE = "自定义布局UITests/Info.plist";
				LD_RUNPATH_SEARCH_PATHS = "$(inherited) @executable_path/Frameworks @loader_path/Frameworks";
				PRODUCT_BUNDLE_IDENTIFIER = "Mr.wang.-----UITests";
				PRODUCT_NAME = "$(TARGET_NAME)";
				TEST_TARGET_NAME = "自定义布局";
				USES_XCTRUNNER = YES;
			};
			name = Release;
		};
/* End XCBuildConfiguration section */

/* Begin XCConfigurationList section */
		605DEF571CAE6B98005E03B9 /* Build configuration list for PBXProject "自定义布局" */ = {
			isa = XCConfigurationList;
			buildConfigurations = (
				605DEF8A1CAE6B9A005E03B9 /* Debug */,
				605DEF8B1CAE6B9A005E03B9 /* Release */,
			);
			defaultConfigurationIsVisible = 0;
			defaultConfigurationName = Release;
		};
		605DEF8C1CAE6B9A005E03B9 /* Build configuration list for PBXNativeTarget "自定义布局" */ = {
			isa = XCConfigurationList;
			buildConfigurations = (
				605DEF8D1CAE6B9A005E03B9 /* Debug */,
				605DEF8E1CAE6B9A005E03B9 /* Release */,
			);
			defaultConfigurationIsVisible = 0;
		};
		605DEF8F1CAE6B9A005E03B9 /* Build configuration list for PBXNativeTarget "自定义布局Tests" */ = {
			isa = XCConfigurationList;
			buildConfigurations = (
				605DEF901CAE6B9A005E03B9 /* Debug */,
				605DEF911CAE6B9A005E03B9 /* Release */,
			);
			defaultConfigurationIsVisible = 0;
		};
		605DEF921CAE6B9A005E03B9 /* Build configuration list for PBXNativeTarget "自定义布局UITests" */ = {
			isa = XCConfigurationList;
			buildConfigurations = (
				605DEF931CAE6B9A005E03B9 /* Debug */,
				605DEF941CAE6B9A005E03B9 /* Release */,
			);
			defaultConfigurationIsVisible = 0;
		};
/* End XCConfigurationList section */

/* Begin XCVersionGroup section */
		605DEF6B1CAE6B99005E03B9 /* _____.xcdatamodeld */ = {
			isa = XCVersionGroup;
			children = (
				605DEF6C1CAE6B99005E03B9 /* _____.xcdatamodel */,
			);
			currentVersion = 605DEF6C1CAE6B99005E03B9 /* _____.xcdatamodel */;
			path = "_____.xcdatamodeld";
			sourceTree = "<group>";
			versionGroupType = wrapper.xcdatamodel;
		};
/* End XCVersionGroup section */
	};
	rootObject = 605DEF541CAE6B98005E03B9 /* Project object */;
}
